
Microsoft Visual Studio Solution File, Format Version 12.00
# Visual Studio Version 17
VisualStudioVersion = 17.5.33516.290
MinimumVisualStudioVersion = 10.0.40219.1
Project("{FAE04EC0-301F-11D3-BF4B-00C04F79EFBC}") = "CinemaTicket", "CinemaTicket\CinemaTicket.csproj", "{AEBA22B7-3439-4633-89D4-C8B26C9560F1}"
EndProject
Global
	GlobalSection(SolutionConfigurationPlatforms) = preSolution
		Debug|Any CPU = Debug|Any CPU
		Release|Any CPU = Release|Any CPU
	EndGlobalSection
	GlobalSection(ProjectConfigurationPlatforms) = postSolution
		{AEBA22B7-3439-4633-89D4-C8B26C9560F1}.Debug|Any CPU.ActiveCfg = Debug|Any CPU
		{AEBA22B7-3439-4633-89D4-C8B26C9560F1}.Debug|Any CPU.Build.0 = Debug|Any CPU
		{AEBA22B7-3439-4633-89D4-C8B26C9560F1}.Release|Any CPU.ActiveCfg = Release|Any CPU
		{AEBA22B7-3439-4633-89D4-C8B26C9560F1}.Release|Any CPU.Build.0 = Release|Any CPU
	EndGlobalSection
	GlobalSection(SolutionProperties) = preSolution
		HideSolutionNode = FALSE
	EndGlobalSection
	GlobalSection(ExtensibilityGlobals) = postSolution
		SolutionGuid = {BD4DC2FE-7A79-48C7-9ADC-AE1B91AA46A1}
	EndGlobalSection
EndGlobal
